
Microsoft Visual Studio Solution File, Format Version 12.00
# Visual Studio 14
VisualStudioVersion = 14.0.25420.1
MinimumVisualStudioVersion = 10.0.40219.1
Project("{FAE04EC0-301F-11D3-BF4B-00C04F79EFBC}") = "GDI+", "GDI+\GDI+.csproj", "{AB76F598-B455-4FE7-BB27-918A7A211109}"
EndProject
Project("{FAE04EC0-301F-11D3-BF4B-00C04F79EFBC}") = "Chess", "Chess\Chess.csproj", "{E95AD863-0D3E-488B-9757-8BB2708CF2EC}"
EndProject
Global
	GlobalSection(SolutionConfigurationPlatforms) = preSolution
		Debug|Any CPU = Debug|Any CPU
		Release|Any CPU = Release|Any CPU
	EndGlobalSection
	GlobalSection(ProjectConfigurationPlatforms) = postSolution
		{AB76F598-B455-4FE7-BB27-918A7A211109}.Debug|Any CPU.ActiveCfg = Debug|Any CPU
		{AB76F598-B455-4FE7-BB27-918A7A211109}.Debug|Any CPU.Build.0 = Debug|Any CPU
		{AB76F598-B455-4FE7-BB27-918A7A211109}.Release|Any CPU.ActiveCfg = Release|Any CPU
		{AB76F598-B455-4FE7-BB27-918A7A211109}.Release|Any CPU.Build.0 = Release|Any CPU
		{E95AD863-0D3E-488B-9757-8BB2708CF2EC}.Debug|Any CPU.ActiveCfg = Debug|Any CPU
		{E95AD863-0D3E-488B-9757-8BB2708CF2EC}.Debug|Any CPU.Build.0 = Debug|Any CPU
		{E95AD863-0D3E-488B-9757-8BB2708CF2EC}.Release|Any CPU.ActiveCfg = Release|Any CPU
		{E95AD863-0D3E-488B-9757-8BB2708CF2EC}.Release|Any CPU.Build.0 = Release|Any CPU
	EndGlobalSection
	GlobalSection(SolutionProperties) = preSolution
		HideSolutionNode = FALSE
	EndGlobalSection
EndGlobal
